
Microsoft Visual Studio Solution File, Format Version 12.00
# Visual Studio Version 17
VisualStudioVersion = 17.4.33122.133
MinimumVisualStudioVersion = 10.0.40219.1
Project("{9A19103F-16F7-4668-BE54-9A1E7A4F7556}") = "ReviewEverything.Server", "ReviewEverything\Server\ReviewEverything.Server.csproj", "{4C8753E1-B1A8-4DF3-9F7F-8C5F2F3028BF}"
EndProject
Project("{9A19103F-16F7-4668-BE54-9A1E7A4F7556}") = "ReviewEverything.Client", "ReviewEverything\Client\ReviewEverything.Client.csproj", "{6E610AF3-2651-4947-BFAC-869BCD5B9EED}"
EndProject
Project("{9A19103F-16F7-4668-BE54-9A1E7A4F7556}") = "ReviewEverything.Shared", "ReviewEverything\Shared\ReviewEverything.Shared.csproj", "{EA9DE9B2-6193-4083-AA56-9099EBB2F799}"
EndProject
Global
	GlobalSection(SolutionConfigurationPlatforms) = preSolution
		Debug|Any CPU = Debug|Any CPU
		Release|Any CPU = Release|Any CPU
	EndGlobalSection
	GlobalSection(ProjectConfigurationPlatforms) = postSolution
		{4C8753E1-B1A8-4DF3-9F7F-8C5F2F3028BF}.Debug|Any CPU.ActiveCfg = Debug|Any CPU
		{4C8753E1-B1A8-4DF3-9F7F-8C5F2F3028BF}.Debug|Any CPU.Build.0 = Debug|Any CPU
		{4C8753E1-B1A8-4DF3-9F7F-8C5F2F3028BF}.Release|Any CPU.ActiveCfg = Release|Any CPU
		{4C8753E1-B1A8-4DF3-9F7F-8C5F2F3028BF}.Release|Any CPU.Build.0 = Release|Any CPU
		{6E610AF3-2651-4947-BFAC-869BCD5B9EED}.Debug|Any CPU.ActiveCfg = Debug|Any CPU
		{6E610AF3-2651-4947-BFAC-869BCD5B9EED}.Debug|Any CPU.Build.0 = Debug|Any CPU
		{6E610AF3-2651-4947-BFAC-869BCD5B9EED}.Release|Any CPU.ActiveCfg = Release|Any CPU
		{6E610AF3-2651-4947-BFAC-869BCD5B9EED}.Release|Any CPU.Build.0 = Release|Any CPU
		{EA9DE9B2-6193-4083-AA56-9099EBB2F799}.Debug|Any CPU.ActiveCfg = Debug|Any CPU
		{EA9DE9B2-6193-4083-AA56-9099EBB2F799}.Debug|Any CPU.Build.0 = Debug|Any CPU
		{EA9DE9B2-6193-4083-AA56-9099EBB2F799}.Release|Any CPU.ActiveCfg = Release|Any CPU
		{EA9DE9B2-6193-4083-AA56-9099EBB2F799}.Release|Any CPU.Build.0 = Release|Any CPU
	EndGlobalSection
	GlobalSection(SolutionProperties) = preSolution
		HideSolutionNode = FALSE
	EndGlobalSection
	GlobalSection(ExtensibilityGlobals) = postSolution
		SolutionGuid = {2409BD89-96FE-4C7A-985C-E4DBE6F6DA4B}
	EndGlobalSection
EndGlobal
